// !$*UTF8*$!
{
	archiveVersion = 1;
	classes = {
	};
	objectVersion = 56;
	objects = {

/* Begin PBXBuildFile section */
		881B66AE2DF6C92700DE207D /* DocumentPicker.swift in Sources */ = {isa = PBXBuildFile; fileRef = 881B66AD2DF6C92700DE207D /* DocumentPicker.swift */; };
		881B66B02DF6C9E000DE207D /* ImagePickerView.swift in Sources */ = {isa = PBXBuildFile; fileRef = 881B66AF2DF6C9E000DE207D /* ImagePickerView.swift */; };
		881B66B22DF6CA1200DE207D /* CameraPickerView.swift in Sources */ = {isa = PBXBuildFile; fileRef = 881B66B12DF6CA1200DE207D /* CameraPickerView.swift */; };
		881B66B42DF71B7800DE207D /* ChatHistoryView.swift in Sources */ = {isa = PBXBuildFile; fileRef = 881B66B32DF71B7800DE207D /* ChatHistoryView.swift */; };
		881B66B62DF726E300DE207D /* LanguageManager.swift in Sources */ = {isa = PBXBuildFile; fileRef = 881B66B52DF726E300DE207D /* LanguageManager.swift */; };
		882BA3D02DF7ED35003BE154 /* SwiftOpenAI in Frameworks */ = {isa = PBXBuildFile; productRef = 882BA3CF2DF7ED35003BE154 /* SwiftOpenAI */; };
		882BA3D22DF7EDA3003BE154 /* OpenAIChat.swift in Sources */ = {isa = PBXBuildFile; fileRef = 882BA3D12DF7EDA3003BE154 /* OpenAIChat.swift */; };
		883A26B62DF5DD9200A55DA3 /* JarvisApp.swift in Sources */ = {isa = PBXBuildFile; fileRef = 883A26B52DF5DD9200A55DA3 /* JarvisApp.swift */; };
		883A26BA2DF5DD9400A55DA3 /* Assets.xcassets in Resources */ = {isa = PBXBuildFile; fileRef = 883A26B92DF5DD9400A55DA3 /* Assets.xcassets */; };
		883A26BD2DF5DD9400A55DA3 /* Preview Assets.xcassets in Resources */ = {isa = PBXBuildFile; fileRef = 883A26BC2DF5DD9400A55DA3 /* Preview Assets.xcassets */; };
		883A26C72DF5DD9400A55DA3 /* JarvisTests.swift in Sources */ = {isa = PBXBuildFile; fileRef = 883A26C62DF5DD9400A55DA3 /* JarvisTests.swift */; };
		883A26D12DF5DD9500A55DA3 /* JarvisUITests.swift in Sources */ = {isa = PBXBuildFile; fileRef = 883A26D02DF5DD9500A55DA3 /* JarvisUITests.swift */; };
		883A26D32DF5DD9500A55DA3 /* JarvisUITestsLaunchTests.swift in Sources */ = {isa = PBXBuildFile; fileRef = 883A26D22DF5DD9500A55DA3 /* JarvisUITestsLaunchTests.swift */; };
		88B104F22DF5F82000784545 /* ChatView.swift in Sources */ = {isa = PBXBuildFile; fileRef = 88B104F12DF5F82000784545 /* ChatView.swift */; };
		88F2BA992DF6690100AF744C /* APIProvider.swift in Sources */ = {isa = PBXBuildFile; fileRef = 88F2BA982DF6690100AF744C /* APIProvider.swift */; };
		88F2BA9D2DF6698200AF744C /* SettingsView.swift in Sources */ = {isa = PBXBuildFile; fileRef = 88F2BA9C2DF6698200AF744C /* SettingsView.swift */; };
		88F2BA9F2DF66C4900AF744C /* TypingIndicator.swift in Sources */ = {isa = PBXBuildFile; fileRef = 88F2BA9E2DF66C4900AF744C /* TypingIndicator.swift */; };
		88F2BAA32DF6839D00AF744C /* GeminiChat.swift in Sources */ = {isa = PBXBuildFile; fileRef = 88F2BAA22DF6839D00AF744C /* GeminiChat.swift */; };
		88F2BAA62DF6856500AF744C /* GoogleGenerativeAI in Frameworks */ = {isa = PBXBuildFile; productRef = 88F2BAA52DF6856500AF744C /* GoogleGenerativeAI */; };
		88F2BAA82DF6886C00AF744C /* Message.swift in Sources */ = {isa = PBXBuildFile; fileRef = 88F2BAA72DF6886C00AF744C /* Message.swift */; };
		88F2BAB22DF6A4BA00AF744C /* GuideView.swift in Sources */ = {isa = PBXBuildFile; fileRef = 88F2BAB12DF6A4BA00AF744C /* GuideView.swift */; };
		88F2BAB32DF6A4BA00AF744C /* ChatBubble.swift in Sources */ = {isa = PBXBuildFile; fileRef = 88F2BAB02DF6A4BA00AF744C /* ChatBubble.swift */; };
		88F2BAB52DF6A50900AF744C /* ChatViewModel.swift in Sources */ = {isa = PBXBuildFile; fileRef = 88F2BAB42DF6A50900AF744C /* ChatViewModel.swift */; };
/* End PBXBuildFile section */

/* Begin PBXContainerItemProxy section */
		883A26C32DF5DD9400A55DA3 /* PBXContainerItemProxy */ = {
			isa = PBXContainerItemProxy;
			containerPortal = 883A26AA2DF5DD9100A55DA3 /* Project object */;
			proxyType = 1;
			remoteGlobalIDString = 883A26B12DF5DD9100A55DA3;
			remoteInfo = Jarvis;
		};
		883A26CD2DF5DD9400A55DA3 /* PBXContainerItemProxy */ = {
			isa = PBXContainerItemProxy;
			containerPortal = 883A26AA2DF5DD9100A55DA3 /* Project object */;
			proxyType = 1;
			remoteGlobalIDString = 883A26B12DF5DD9100A55DA3;
			remoteInfo = Jarvis;
		};
/* End PBXContainerItemProxy section */

/* Begin PBXFileReference section */
		881B66AD2DF6C92700DE207D /* DocumentPicker.swift */ = {isa = PBXFileReference; lastKnownFileType = sourcecode.swift; path = DocumentPicker.swift; sourceTree = "<group>"; };
		881B66AF2DF6C9E000DE207D /* ImagePickerView.swift */ = {isa = PBXFileReference; lastKnownFileType = sourcecode.swift; path = ImagePickerView.swift; sourceTree = "<group>"; };
		881B66B12DF6CA1200DE207D /* CameraPickerView.swift */ = {isa = PBXFileReference; lastKnownFileType = sourcecode.swift; path = CameraPickerView.swift; sourceTree = "<group>"; };
		881B66B32DF71B7800DE207D /* ChatHistoryView.swift */ = {isa = PBXFileReference; fileEncoding = 4; lastKnownFileType = sourcecode.swift; path = ChatHistoryView.swift; sourceTree = "<group>"; };
		881B66B52DF726E300DE207D /* LanguageManager.swift */ = {isa = PBXFileReference; fileEncoding = 4; lastKnownFileType = sourcecode.swift; path = LanguageManager.swift; sourceTree = "<group>"; };
		882BA3D12DF7EDA3003BE154 /* OpenAIChat.swift */ = {isa = PBXFileReference; fileEncoding = 4; lastKnownFileType = sourcecode.swift; path = OpenAIChat.swift; sourceTree = "<group>"; };
		883A26B22DF5DD9200A55DA3 /* Jarvis.app */ = {isa = PBXFileReference; explicitFileType = wrapper.application; includeInIndex = 0; path = Jarvis.app; sourceTree = BUILT_PRODUCTS_DIR; };
		883A26B52DF5DD9200A55DA3 /* JarvisApp.swift */ = {isa = PBXFileReference; lastKnownFileType = sourcecode.swift; path = JarvisApp.swift; sourceTree = "<group>"; };
		883A26B92DF5DD9400A55DA3 /* Assets.xcassets */ = {isa = PBXFileReference; lastKnownFileType = folder.assetcatalog; path = Assets.xcassets; sourceTree = "<group>"; };
		883A26BC2DF5DD9400A55DA3 /* Preview Assets.xcassets */ = {isa = PBXFileReference; lastKnownFileType = folder.assetcatalog; path = "Preview Assets.xcassets"; sourceTree = "<group>"; };
		883A26C22DF5DD9400A55DA3 /* JarvisTests.xctest */ = {isa = PBXFileReference; explicitFileType = wrapper.cfbundle; includeInIndex = 0; path = JarvisTests.xctest; sourceTree = BUILT_PRODUCTS_DIR; };
		883A26C62DF5DD9400A55DA3 /* JarvisTests.swift */ = {isa = PBXFileReference; lastKnownFileType = sourcecode.swift; path = JarvisTests.swift; sourceTree = "<group>"; };
		883A26CC2DF5DD9400A55DA3 /* JarvisUITests.xctest */ = {isa = PBXFileReference; explicitFileType = wrapper.cfbundle; includeInIndex = 0; path = JarvisUITests.xctest; sourceTree = BUILT_PRODUCTS_DIR; };
		883A26D02DF5DD9500A55DA3 /* JarvisUITests.swift */ = {isa = PBXFileReference; lastKnownFileType = sourcecode.swift; path = JarvisUITests.swift; sourceTree = "<group>"; };
		883A26D22DF5DD9500A55DA3 /* JarvisUITestsLaunchTests.swift */ = {isa = PBXFileReference; lastKnownFileType = sourcecode.swift; path = JarvisUITestsLaunchTests.swift; sourceTree = "<group>"; };
		88B104F12DF5F82000784545 /* ChatView.swift */ = {isa = PBXFileReference; fileEncoding = 4; lastKnownFileType = sourcecode.swift; path = ChatView.swift; sourceTree = "<group>"; };
		88F2BA982DF6690100AF744C /* APIProvider.swift */ = {isa = PBXFileReference; fileEncoding = 4; lastKnownFileType = sourcecode.swift; path = APIProvider.swift; sourceTree = "<group>"; };
		88F2BA9C2DF6698200AF744C /* SettingsView.swift */ = {isa = PBXFileReference; fileEncoding = 4; lastKnownFileType = sourcecode.swift; path = SettingsView.swift; sourceTree = "<group>"; };
		88F2BA9E2DF66C4900AF744C /* TypingIndicator.swift */ = {isa = PBXFileReference; fileEncoding = 4; lastKnownFileType = sourcecode.swift; path = TypingIndicator.swift; sourceTree = "<group>"; };
		88F2BAA22DF6839D00AF744C /* GeminiChat.swift */ = {isa = PBXFileReference; lastKnownFileType = sourcecode.swift; path = GeminiChat.swift; sourceTree = "<group>"; };
		88F2BAA72DF6886C00AF744C /* Message.swift */ = {isa = PBXFileReference; lastKnownFileType = sourcecode.swift; path = Message.swift; sourceTree = "<group>"; };
		88F2BAB02DF6A4BA00AF744C /* ChatBubble.swift */ = {isa = PBXFileReference; lastKnownFileType = sourcecode.swift; path = ChatBubble.swift; sourceTree = "<group>"; };
		88F2BAB12DF6A4BA00AF744C /* GuideView.swift */ = {isa = PBXFileReference; lastKnownFileType = sourcecode.swift; path = GuideView.swift; sourceTree = "<group>"; };
		88F2BAB42DF6A50900AF744C /* ChatViewModel.swift */ = {isa = PBXFileReference; lastKnownFileType = sourcecode.swift; path = ChatViewModel.swift; sourceTree = "<group>"; };
/* End PBXFileReference section */

/* Begin PBXFrameworksBuildPhase section */
		883A26AF2DF5DD9100A55DA3 /* Frameworks */ = {
			isa = PBXFrameworksBuildPhase;
			buildActionMask = 2147483647;
			files = (
				882BA3D02DF7ED35003BE154 /* SwiftOpenAI in Frameworks */,
				88F2BAA62DF6856500AF744C /* GoogleGenerativeAI in Frameworks */,
			);
			runOnlyForDeploymentPostprocessing = 0;
		};
		883A26BF2DF5DD9400A55DA3 /* Frameworks */ = {
			isa = PBXFrameworksBuildPhase;
			buildActionMask = 2147483647;
			files = (
			);
			runOnlyForDeploymentPostprocessing = 0;
		};
		883A26C92DF5DD9400A55DA3 /* Frameworks */ = {
			isa = PBXFrameworksBuildPhase;
			buildActionMask = 2147483647;
			files = (
			);
			runOnlyForDeploymentPostprocessing = 0;
		};
/* End PBXFrameworksBuildPhase section */

/* Begin PBXGroup section */
		883A26A92DF5DD9100A55DA3 = {
			isa = PBXGroup;
			children = (
				883A26B42DF5DD9200A55DA3 /* Jarvis */,
				883A26C52DF5DD9400A55DA3 /* JarvisTests */,
				883A26CF2DF5DD9400A55DA3 /* JarvisUITests */,
				883A26B32DF5DD9200A55DA3 /* Products */,
			);
			sourceTree = "<group>";
		};
		883A26B32DF5DD9200A55DA3 /* Products */ = {
			isa = PBXGroup;
			children = (
				883A26B22DF5DD9200A55DA3 /* Jarvis.app */,
				883A26C22DF5DD9400A55DA3 /* JarvisTests.xctest */,
				883A26CC2DF5DD9400A55DA3 /* JarvisUITests.xctest */,
			);
			name = Products;
			sourceTree = "<group>";
		};
		883A26B42DF5DD9200A55DA3 /* Jarvis */ = {
			isa = PBXGroup;
			children = (
				88F2BA982DF6690100AF744C /* APIProvider.swift */,
				881B66B12DF6CA1200DE207D /* CameraPickerView.swift */,
				88F2BAB02DF6A4BA00AF744C /* ChatBubble.swift */,
				881B66B32DF71B7800DE207D /* ChatHistoryView.swift */,
				88B104F12DF5F82000784545 /* ChatView.swift */,
				882BA3D12DF7EDA3003BE154 /* OpenAIChat.swift */,
				88F2BAB42DF6A50900AF744C /* ChatViewModel.swift */,
				881B66AD2DF6C92700DE207D /* DocumentPicker.swift */,
				88F2BAA22DF6839D00AF744C /* GeminiChat.swift */,
				88F2BAB12DF6A4BA00AF744C /* GuideView.swift */,
				881B66AF2DF6C9E000DE207D /* ImagePickerView.swift */,
				883A26B52DF5DD9200A55DA3 /* JarvisApp.swift */,
				881B66B52DF726E300DE207D /* LanguageManager.swift */,
				88F2BAA72DF6886C00AF744C /* Message.swift */,
				88F2BA9C2DF6698200AF744C /* SettingsView.swift */,
				88F2BA9E2DF66C4900AF744C /* TypingIndicator.swift */,
				883A26B92DF5DD9400A55DA3 /* Assets.xcassets */,
				883A26BB2DF5DD9400A55DA3 /* Preview Content */,
			);
			path = Jarvis;
			sourceTree = "<group>";
		};
		883A26BB2DF5DD9400A55DA3 /* Preview Content */ = {
			isa = PBXGroup;
			children = (
				883A26BC2DF5DD9400A55DA3 /* Preview Assets.xcassets */,
			);
			path = "Preview Content";
			sourceTree = "<group>";
		};
		883A26C52DF5DD9400A55DA3 /* JarvisTests */ = {
			isa = PBXGroup;
			children = (
				883A26C62DF5DD9400A55DA3 /* JarvisTests.swift */,
			);
			path = JarvisTests;
			sourceTree = "<group>";
		};
		883A26CF2DF5DD9400A55DA3 /* JarvisUITests */ = {
			isa = PBXGroup;
			children = (
				883A26D02DF5DD9500A55DA3 /* JarvisUITests.swift */,
				883A26D22DF5DD9500A55DA3 /* JarvisUITestsLaunchTests.swift */,
			);
			path = JarvisUITests;
			sourceTree = "<group>";
		};
/* End PBXGroup section */

/* Begin PBXNativeTarget section */
		883A26B12DF5DD9100A55DA3 /* Jarvis */ = {
			isa = PBXNativeTarget;
			buildConfigurationList = 883A26D62DF5DD9500A55DA3 /* Build configuration list for PBXNativeTarget "Jarvis" */;
			buildPhases = (
				883A26AE2DF5DD9100A55DA3 /* Sources */,
				883A26AF2DF5DD9100A55DA3 /* Frameworks */,
				883A26B02DF5DD9100A55DA3 /* Resources */,
			);
			buildRules = (
			);
			dependencies = (
			);
			name = Jarvis;
			packageProductDependencies = (
				88F2BAA52DF6856500AF744C /* GoogleGenerativeAI */,
				882BA3CF2DF7ED35003BE154 /* SwiftOpenAI */,
			);
			productName = Jarvis;
			productReference = 883A26B22DF5DD9200A55DA3 /* Jarvis.app */;
			productType = "com.apple.product-type.application";
		};
		883A26C12DF5DD9400A55DA3 /* JarvisTests */ = {
			isa = PBXNativeTarget;
			buildConfigurationList = 883A26D92DF5DD9500A55DA3 /* Build configuration list for PBXNativeTarget "JarvisTests" */;
			buildPhases = (
				883A26BE2DF5DD9400A55DA3 /* Sources */,
				883A26BF2DF5DD9400A55DA3 /* Frameworks */,
				883A26C02DF5DD9400A55DA3 /* Resources */,
			);
			buildRules = (
			);
			dependencies = (
				883A26C42DF5DD9400A55DA3 /* PBXTargetDependency */,
			);
			name = JarvisTests;
			productName = JarvisTests;
			productReference = 883A26C22DF5DD9400A55DA3 /* JarvisTests.xctest */;
			productType = "com.apple.product-type.bundle.unit-test";
		};
		883A26CB2DF5DD9400A55DA3 /* JarvisUITests */ = {
			isa = PBXNativeTarget;
			buildConfigurationList = 883A26DC2DF5DD9500A55DA3 /* Build configuration list for PBXNativeTarget "JarvisUITests" */;
			buildPhases = (
				883A26C82DF5DD9400A55DA3 /* Sources */,
				883A26C92DF5DD9400A55DA3 /* Frameworks */,
				883A26CA2DF5DD9400A55DA3 /* Resources */,
			);
			buildRules = (
			);
			dependencies = (
				883A26CE2DF5DD9400A55DA3 /* PBXTargetDependency */,
			);
			name = JarvisUITests;
			productName = JarvisUITests;
			productReference = 883A26CC2DF5DD9400A55DA3 /* JarvisUITests.xctest */;
			productType = "com.apple.product-type.bundle.ui-testing";
		};
/* End PBXNativeTarget section */

/* Begin PBXProject section */
		883A26AA2DF5DD9100A55DA3 /* Project object */ = {
			isa = PBXProject;
			attributes = {
				BuildIndependentTargetsInParallel = 1;
				LastSwiftUpdateCheck = 1520;
				LastUpgradeCheck = 1520;
				TargetAttributes = {
					883A26B12DF5DD9100A55DA3 = {
						CreatedOnToolsVersion = 15.2;
					};
					883A26C12DF5DD9400A55DA3 = {
						CreatedOnToolsVersion = 15.2;
						TestTargetID = 883A26B12DF5DD9100A55DA3;
					};
					883A26CB2DF5DD9400A55DA3 = {
						CreatedOnToolsVersion = 15.2;
						TestTargetID = 883A26B12DF5DD9100A55DA3;
					};
				};
			};
			buildConfigurationList = 883A26AD2DF5DD9100A55DA3 /* Build configuration list for PBXProject "Jarvis" */;
			compatibilityVersion = "Xcode 14.0";
			developmentRegion = en;
			hasScannedForEncodings = 0;
			knownRegions = (
				en,
				Base,
			);
			mainGroup = 883A26A92DF5DD9100A55DA3;
			packageReferences = (
				88F2BAA42DF6856500AF744C /* XCRemoteSwiftPackageReference "generative-ai-swift" */,
				882BA3CE2DF7ED35003BE154 /* XCRemoteSwiftPackageReference "SwiftOpenAI" */,
			);
			productRefGroup = 883A26B32DF5DD9200A55DA3 /* Products */;
			projectDirPath = "";
			projectRoot = "";
			targets = (
				883A26B12DF5DD9100A55DA3 /* Jarvis */,
				883A26C12DF5DD9400A55DA3 /* JarvisTests */,
				883A26CB2DF5DD9400A55DA3 /* JarvisUITests */,
			);
		};
/* End PBXProject section */

/* Begin PBXResourcesBuildPhase section */
		883A26B02DF5DD9100A55DA3 /* Resources */ = {
			isa = PBXResourcesBuildPhase;
			buildActionMask = 2147483647;
			files = (
				883A26BD2DF5DD9400A55DA3 /* Preview Assets.xcassets in Resources */,
				883A26BA2DF5DD9400A55DA3 /* Assets.xcassets in Resources */,
			);
			runOnlyForDeploymentPostprocessing = 0;
		};
		883A26C02DF5DD9400A55DA3 /* Resources */ = {
			isa = PBXResourcesBuildPhase;
			buildActionMask = 2147483647;
			files = (
			);
			runOnlyForDeploymentPostprocessing = 0;
		};
		883A26CA2DF5DD9400A55DA3 /* Resources */ = {
			isa = PBXResourcesBuildPhase;
			buildActionMask = 2147483647;
			files = (
			);
			runOnlyForDeploymentPostprocessing = 0;
		};
/* End PBXResourcesBuildPhase section */

/* Begin PBXSourcesBuildPhase section */
		883A26AE2DF5DD9100A55DA3 /* Sources */ = {
			isa = PBXSourcesBuildPhase;
			buildActionMask = 2147483647;
			files = (
				88B104F22DF5F82000784545 /* ChatView.swift in Sources */,
				881B66B42DF71B7800DE207D /* ChatHistoryView.swift in Sources */,
				881B66AE2DF6C92700DE207D /* DocumentPicker.swift in Sources */,
				88F2BA9F2DF66C4900AF744C /* TypingIndicator.swift in Sources */,
				88F2BAA32DF6839D00AF744C /* GeminiChat.swift in Sources */,
				881B66B02DF6C9E000DE207D /* ImagePickerView.swift in Sources */,
				88F2BAB22DF6A4BA00AF744C /* GuideView.swift in Sources */,
				882BA3D22DF7EDA3003BE154 /* OpenAIChat.swift in Sources */,
				88F2BA9D2DF6698200AF744C /* SettingsView.swift in Sources */,
				883A26B62DF5DD9200A55DA3 /* JarvisApp.swift in Sources */,
				881B66B62DF726E300DE207D /* LanguageManager.swift in Sources */,
				88F2BA992DF6690100AF744C /* APIProvider.swift in Sources */,
				88F2BAB32DF6A4BA00AF744C /* ChatBubble.swift in Sources */,
				881B66B22DF6CA1200DE207D /* CameraPickerView.swift in Sources */,
				88F2BAB52DF6A50900AF744C /* ChatViewModel.swift in Sources */,
				88F2BAA82DF6886C00AF744C /* Message.swift in Sources */,
			);
			runOnlyForDeploymentPostprocessing = 0;
		};
		883A26BE2DF5DD9400A55DA3 /* Sources */ = {
			isa = PBXSourcesBuildPhase;
			buildActionMask = 2147483647;
			files = (
				883A26C72DF5DD9400A55DA3 /* JarvisTests.swift in Sources */,
			);
			runOnlyForDeploymentPostprocessing = 0;
		};
		883A26C82DF5DD9400A55DA3 /* Sources */ = {
			isa = PBXSourcesBuildPhase;
			buildActionMask = 2147483647;
			files = (
				883A26D12DF5DD9500A55DA3 /* JarvisUITests.swift in Sources */,
				883A26D32DF5DD9500A55DA3 /* JarvisUITestsLaunchTests.swift in Sources */,
			);
			runOnlyForDeploymentPostprocessing = 0;
		};
/* End PBXSourcesBuildPhase section */

/* Begin PBXTargetDependency section */
		883A26C42DF5DD9400A55DA3 /* PBXTargetDependency */ = {
			isa = PBXTargetDependency;
			target = 883A26B12DF5DD9100A55DA3 /* Jarvis */;
			targetProxy = 883A26C32DF5DD9400A55DA3 /* PBXContainerItemProxy */;
		};
		883A26CE2DF5DD9400A55DA3 /* PBXTargetDependency */ = {
			isa = PBXTargetDependency;
			target = 883A26B12DF5DD9100A55DA3 /* Jarvis */;
			targetProxy = 883A26CD2DF5DD9400A55DA3 /* PBXContainerItemProxy */;
		};
/* End PBXTargetDependency section */

/* Begin XCBuildConfiguration section */
		883A26D42DF5DD9500A55DA3 /* Debug */ = {
			isa = XCBuildConfiguration;
			buildSettings = {
				ALWAYS_SEARCH_USER_PATHS = NO;
				ASSETCATALOG_COMPILER_GENERATE_SWIFT_ASSET_SYMBOL_EXTENSIONS = YES;
				CLANG_ANALYZER_NONNULL = YES;
				CLANG_ANALYZER_NUMBER_OBJECT_CONVERSION = YES_AGGRESSIVE;
				CLANG_CXX_LANGUAGE_STANDARD = "gnu++20";
				CLANG_ENABLE_MODULES = YES;
				CLANG_ENABLE_OBJC_ARC = YES;
				CLANG_ENABLE_OBJC_WEAK = YES;
				CLANG_WARN_BLOCK_CAPTURE_AUTORELEASING = YES;
				CLANG_WARN_BOOL_CONVERSION = YES;
				CLANG_WARN_COMMA = YES;
				CLANG_WARN_CONSTANT_CONVERSION = YES;
				CLANG_WARN_DEPRECATED_OBJC_IMPLEMENTATIONS = YES;
				CLANG_WARN_DIRECT_OBJC_ISA_USAGE = YES_ERROR;
				CLANG_WARN_DOCUMENTATION_COMMENTS = YES;
				CLANG_WARN_EMPTY_BODY = YES;
				CLANG_WARN_ENUM_CONVERSION = YES;
				CLANG_WARN_INFINITE_RECURSION = YES;
				CLANG_WARN_INT_CONVERSION = YES;
				CLANG_WARN_NON_LITERAL_NULL_CONVERSION = YES;
				CLANG_WARN_OBJC_IMPLICIT_RETAIN_SELF = YES;
				CLANG_WARN_OBJC_LITERAL_CONVERSION = YES;
				CLANG_WARN_OBJC_ROOT_CLASS = YES_ERROR;
				CLANG_WARN_QUOTED_INCLUDE_IN_FRAMEWORK_HEADER = YES;
				CLANG_WARN_RANGE_LOOP_ANALYSIS = YES;
				CLANG_WARN_STRICT_PROTOTYPES = YES;
				CLANG_WARN_SUSPICIOUS_MOVE = YES;
				CLANG_WARN_UNGUARDED_AVAILABILITY = YES_AGGRESSIVE;
				CLANG_WARN_UNREACHABLE_CODE = YES;
				CLANG_WARN__DUPLICATE_METHOD_MATCH = YES;
				COPY_PHASE_STRIP = NO;
				DEBUG_INFORMATION_FORMAT = dwarf;
				ENABLE_STRICT_OBJC_MSGSEND = YES;
				ENABLE_TESTABILITY = YES;
				ENABLE_USER_SCRIPT_SANDBOXING = YES;
				GCC_C_LANGUAGE_STANDARD = gnu17;
				GCC_DYNAMIC_NO_PIC = NO;
				GCC_NO_COMMON_BLOCKS = YES;
				GCC_OPTIMIZATION_LEVEL = 0;
				GCC_PREPROCESSOR_DEFINITIONS = (
					"DEBUG=1",
					"$(inherited)",
				);
				GCC_WARN_64_TO_32_BIT_CONVERSION = YES;
				GCC_WARN_ABOUT_RETURN_TYPE = YES_ERROR;
				GCC_WARN_UNDECLARED_SELECTOR = YES;
				GCC_WARN_UNINITIALIZED_AUTOS = YES_AGGRESSIVE;
				GCC_WARN_UNUSED_FUNCTION = YES;
				GCC_WARN_UNUSED_VARIABLE = YES;
				IPHONEOS_DEPLOYMENT_TARGET = 17.2;
				LOCALIZATION_PREFERS_STRING_CATALOGS = YES;
				MTL_ENABLE_DEBUG_INFO = INCLUDE_SOURCE;
				MTL_FAST_MATH = YES;
				ONLY_ACTIVE_ARCH = YES;
				SDKROOT = iphoneos;
				SWIFT_ACTIVE_COMPILATION_CONDITIONS = "DEBUG $(inherited)";
				SWIFT_OPTIMIZATION_LEVEL = "-Onone";
			};
			name = Debug;
		};
		883A26D52DF5DD9500A55DA3 /* Release */ = {
			isa = XCBuildConfiguration;
			buildSettings = {
				ALWAYS_SEARCH_USER_PATHS = NO;
				ASSETCATALOG_COMPILER_GENERATE_SWIFT_ASSET_SYMBOL_EXTENSIONS = YES;
				CLANG_ANALYZER_NONNULL = YES;
				CLANG_ANALYZER_NUMBER_OBJECT_CONVERSION = YES_AGGRESSIVE;
				CLANG_CXX_LANGUAGE_STANDARD = "gnu++20";
				CLANG_ENABLE_MODULES = YES;
				CLANG_ENABLE_OBJC_ARC = YES;
				CLANG_ENABLE_OBJC_WEAK = YES;
				CLANG_WARN_BLOCK_CAPTURE_AUTORELEASING = YES;
				CLANG_WARN_BOOL_CONVERSION = YES;
				CLANG_WARN_COMMA = YES;
				CLANG_WARN_CONSTANT_CONVERSION = YES;
				CLANG_WARN_DEPRECATED_OBJC_IMPLEMENTATIONS = YES;
				CLANG_WARN_DIRECT_OBJC_ISA_USAGE = YES_ERROR;
				CLANG_WARN_DOCUMENTATION_COMMENTS = YES;
				CLANG_WARN_EMPTY_BODY = YES;
				CLANG_WARN_ENUM_CONVERSION = YES;
				CLANG_WARN_INFINITE_RECURSION = YES;
				CLANG_WARN_INT_CONVERSION = YES;
				CLANG_WARN_NON_LITERAL_NULL_CONVERSION = YES;
				CLANG_WARN_OBJC_IMPLICIT_RETAIN_SELF = YES;
				CLANG_WARN_OBJC_LITERAL_CONVERSION = YES;
				CLANG_WARN_OBJC_ROOT_CLASS = YES_ERROR;
				CLANG_WARN_QUOTED_INCLUDE_IN_FRAMEWORK_HEADER = YES;
				CLANG_WARN_RANGE_LOOP_ANALYSIS = YES;
				CLANG_WARN_STRICT_PROTOTYPES = YES;
				CLANG_WARN_SUSPICIOUS_MOVE = YES;
				CLANG_WARN_UNGUARDED_AVAILABILITY = YES_AGGRESSIVE;
				CLANG_WARN_UNREACHABLE_CODE = YES;
				CLANG_WARN__DUPLICATE_METHOD_MATCH = YES;
				COPY_PHASE_STRIP = NO;
				DEBUG_INFORMATION_FORMAT = "dwarf-with-dsym";
				ENABLE_NS_ASSERTIONS = NO;
				ENABLE_STRICT_OBJC_MSGSEND = YES;
				ENABLE_USER_SCRIPT_SANDBOXING = YES;
				GCC_C_LANGUAGE_STANDARD = gnu17;
				GCC_NO_COMMON_BLOCKS = YES;
				GCC_WARN_64_TO_32_BIT_CONVERSION = YES;
				GCC_WARN_ABOUT_RETURN_TYPE = YES_ERROR;
				GCC_WARN_UNDECLARED_SELECTOR = YES;
				GCC_WARN_UNINITIALIZED_AUTOS = YES_AGGRESSIVE;
				GCC_WARN_UNUSED_FUNCTION = YES;
				GCC_WARN_UNUSED_VARIABLE = YES;
				IPHONEOS_DEPLOYMENT_TARGET = 17.2;
				LOCALIZATION_PREFERS_STRING_CATALOGS = YES;
				MTL_ENABLE_DEBUG_INFO = NO;
				MTL_FAST_MATH = YES;
				SDKROOT = iphoneos;
				SWIFT_COMPILATION_MODE = wholemodule;
				VALIDATE_PRODUCT = YES;
			};
			name = Release;
		};
		883A26D72DF5DD9500A55DA3 /* Debug */ = {
			isa = XCBuildConfiguration;
			buildSettings = {
				ASSETCATALOG_COMPILER_APPICON_NAME = AppIcon;
				ASSETCATALOG_COMPILER_GLOBAL_ACCENT_COLOR_NAME = AccentColor;
				CODE_SIGN_STYLE = Automatic;
				CURRENT_PROJECT_VERSION = 1;
				DEVELOPMENT_ASSET_PATHS = "\"Jarvis/Preview Content\"";
				DEVELOPMENT_TEAM = HC8CZJS89B;
				ENABLE_PREVIEWS = YES;
				GENERATE_INFOPLIST_FILE = YES;
				INFOPLIST_FILE = "$(SRCROOT)/Jarvis/Info.plist";
				INFOPLIST_KEY_UIApplicationSceneManifest_Generation = YES;
				INFOPLIST_KEY_UIApplicationSupportsIndirectInputEvents = YES;
				INFOPLIST_KEY_UILaunchScreen_Generation = YES;
				INFOPLIST_KEY_UISupportedInterfaceOrientations_iPad = "UIInterfaceOrientationPortrait UIInterfaceOrientationPortraitUpsideDown UIInterfaceOrientationLandscapeLeft UIInterfaceOrientationLandscapeRight";
				INFOPLIST_KEY_UISupportedInterfaceOrientations_iPhone = "UIInterfaceOrientationPortrait UIInterfaceOrientationLandscapeLeft UIInterfaceOrientationLandscapeRight";
				LD_RUNPATH_SEARCH_PATHS = (
					"$(inherited)",
					"@executable_path/Frameworks",
				);
				MARKETING_VERSION = 1.0;
				PRODUCT_BUNDLE_IDENTIFIER = "AI-Lab.Jarvis";
				PRODUCT_NAME = "$(TARGET_NAME)";
				SWIFT_EMIT_LOC_STRINGS = YES;
				SWIFT_VERSION = 5.0;
				TARGETED_DEVICE_FAMILY = "1,2";
			};
			name = Debug;
		};
		883A26D82DF5DD9500A55DA3 /* Release */ = {
			isa = XCBuildConfiguration;
			buildSettings = {
				ASSETCATALOG_COMPILER_APPICON_NAME = AppIcon;
				ASSETCATALOG_COMPILER_GLOBAL_ACCENT_COLOR_NAME = AccentColor;
				CODE_SIGN_STYLE = Automatic;
				CURRENT_PROJECT_VERSION = 1;
				DEVELOPMENT_ASSET_PATHS = "\"Jarvis/Preview Content\"";
				DEVELOPMENT_TEAM = HC8CZJS89B;
				ENABLE_PREVIEWS = YES;
				GENERATE_INFOPLIST_FILE = YES;
				INFOPLIST_FILE = "$(SRCROOT)/Jarvis/Info.plist";
				INFOPLIST_KEY_UIApplicationSceneManifest_Generation = YES;
				INFOPLIST_KEY_UIApplicationSupportsIndirectInputEvents = YES;
				INFOPLIST_KEY_UILaunchScreen_Generation = YES;
				INFOPLIST_KEY_UISupportedInterfaceOrientations_iPad = "UIInterfaceOrientationPortrait UIInterfaceOrientationPortraitUpsideDown UIInterfaceOrientationLandscapeLeft UIInterfaceOrientationLandscapeRight";
				INFOPLIST_KEY_UISupportedInterfaceOrientations_iPhone = "UIInterfaceOrientationPortrait UIInterfaceOrientationLandscapeLeft UIInterfaceOrientationLandscapeRight";
				LD_RUNPATH_SEARCH_PATHS = (
					"$(inherited)",
					"@executable_path/Frameworks",
				);
				MARKETING_VERSION = 1.0;
				PRODUCT_BUNDLE_IDENTIFIER = "AI-Lab.Jarvis";
				PRODUCT_NAME = "$(TARGET_NAME)";
				SWIFT_EMIT_LOC_STRINGS = YES;
				SWIFT_VERSION = 5.0;
				TARGETED_DEVICE_FAMILY = "1,2";
			};
			name = Release;
		};
		883A26DA2DF5DD9500A55DA3 /* Debug */ = {
			isa = XCBuildConfiguration;
			buildSettings = {
				ALWAYS_EMBED_SWIFT_STANDARD_LIBRARIES = YES;
				BUNDLE_LOADER = "$(TEST_HOST)";
				CODE_SIGN_STYLE = Automatic;
				CURRENT_PROJECT_VERSION = 1;
				DEVELOPMENT_TEAM = HC8CZJS89B;
				GENERATE_INFOPLIST_FILE = YES;
				IPHONEOS_DEPLOYMENT_TARGET = 17.2;
				MARKETING_VERSION = 1.0;
				PRODUCT_BUNDLE_IDENTIFIER = "AI-Lab.JarvisTests";
				PRODUCT_NAME = "$(TARGET_NAME)";
				SWIFT_EMIT_LOC_STRINGS = NO;
				SWIFT_VERSION = 5.0;
				TARGETED_DEVICE_FAMILY = "1,2";
				TEST_HOST = "$(BUILT_PRODUCTS_DIR)/Jarvis.app/$(BUNDLE_EXECUTABLE_FOLDER_PATH)/Jarvis";
			};
			name = Debug;
		};
		883A26DB2DF5DD9500A55DA3 /* Release */ = {
			isa = XCBuildConfiguration;
			buildSettings = {
				ALWAYS_EMBED_SWIFT_STANDARD_LIBRARIES = YES;
				BUNDLE_LOADER = "$(TEST_HOST)";
				CODE_SIGN_STYLE = Automatic;
				CURRENT_PROJECT_VERSION = 1;
				DEVELOPMENT_TEAM = HC8CZJS89B;
				GENERATE_INFOPLIST_FILE = YES;
				IPHONEOS_DEPLOYMENT_TARGET = 17.2;
				MARKETING_VERSION = 1.0;
				PRODUCT_BUNDLE_IDENTIFIER = "AI-Lab.JarvisTests";
				PRODUCT_NAME = "$(TARGET_NAME)";
				SWIFT_EMIT_LOC_STRINGS = NO;
				SWIFT_VERSION = 5.0;
				TARGETED_DEVICE_FAMILY = "1,2";
				TEST_HOST = "$(BUILT_PRODUCTS_DIR)/Jarvis.app/$(BUNDLE_EXECUTABLE_FOLDER_PATH)/Jarvis";
			};
			name = Release;
		};
		883A26DD2DF5DD9500A55DA3 /* Debug */ = {
			isa = XCBuildConfiguration;
			buildSettings = {
				ALWAYS_EMBED_SWIFT_STANDARD_LIBRARIES = YES;
				CODE_SIGN_STYLE = Automatic;
				CURRENT_PROJECT_VERSION = 1;
				DEVELOPMENT_TEAM = HC8CZJS89B;
				GENERATE_INFOPLIST_FILE = YES;
				MARKETING_VERSION = 1.0;
				PRODUCT_BUNDLE_IDENTIFIER = "AI-Lab.JarvisUITests";
				PRODUCT_NAME = "$(TARGET_NAME)";
				SWIFT_EMIT_LOC_STRINGS = NO;
				SWIFT_VERSION = 5.0;
				TARGETED_DEVICE_FAMILY = "1,2";
				TEST_TARGET_NAME = Jarvis;
			};
			name = Debug;
		};
		883A26DE2DF5DD9500A55DA3 /* Release */ = {
			isa = XCBuildConfiguration;
			buildSettings = {
				ALWAYS_EMBED_SWIFT_STANDARD_LIBRARIES = YES;
				CODE_SIGN_STYLE = Automatic;
				CURRENT_PROJECT_VERSION = 1;
				DEVELOPMENT_TEAM = HC8CZJS89B;
				GENERATE_INFOPLIST_FILE = YES;
				MARKETING_VERSION = 1.0;
				PRODUCT_BUNDLE_IDENTIFIER = "AI-Lab.JarvisUITests";
				PRODUCT_NAME = "$(TARGET_NAME)";
				SWIFT_EMIT_LOC_STRINGS = NO;
				SWIFT_VERSION = 5.0;
				TARGETED_DEVICE_FAMILY = "1,2";
				TEST_TARGET_NAME = Jarvis;
			};
			name = Release;
		};
/* End XCBuildConfiguration section */

/* Begin XCConfigurationList section */
		883A26AD2DF5DD9100A55DA3 /* Build configuration list for PBXProject "Jarvis" */ = {
			isa = XCConfigurationList;
			buildConfigurations = (
				883A26D42DF5DD9500A55DA3 /* Debug */,
				883A26D52DF5DD9500A55DA3 /* Release */,
			);
			defaultConfigurationIsVisible = 0;
			defaultConfigurationName = Release;
		};
		883A26D62DF5DD9500A55DA3 /* Build configuration list for PBXNativeTarget "Jarvis" */ = {
			isa = XCConfigurationList;
			buildConfigurations = (
				883A26D72DF5DD9500A55DA3 /* Debug */,
				883A26D82DF5DD9500A55DA3 /* Release */,
			);
			defaultConfigurationIsVisible = 0;
			defaultConfigurationName = Release;
		};
		883A26D92DF5DD9500A55DA3 /* Build configuration list for PBXNativeTarget "JarvisTests" */ = {
			isa = XCConfigurationList;
			buildConfigurations = (
				883A26DA2DF5DD9500A55DA3 /* Debug */,
				883A26DB2DF5DD9500A55DA3 /* Release */,
			);
			defaultConfigurationIsVisible = 0;
			defaultConfigurationName = Release;
		};
		883A26DC2DF5DD9500A55DA3 /* Build configuration list for PBXNativeTarget "JarvisUITests" */ = {
			isa = XCConfigurationList;
			buildConfigurations = (
				883A26DD2DF5DD9500A55DA3 /* Debug */,
				883A26DE2DF5DD9500A55DA3 /* Release */,
			);
			defaultConfigurationIsVisible = 0;
			defaultConfigurationName = Release;
		};
/* End XCConfigurationList section */

/* Begin XCRemoteSwiftPackageReference section */
		882BA3CE2DF7ED35003BE154 /* XCRemoteSwiftPackageReference "SwiftOpenAI" */ = {
			isa = XCRemoteSwiftPackageReference;
			repositoryURL = "https://github.com/jamesrochabrun/SwiftOpenAI";
			requirement = {
				kind = upToNextMajorVersion;
				minimumVersion = 2.0.0;
			};
		};
		88F2BAA42DF6856500AF744C /* XCRemoteSwiftPackageReference "generative-ai-swift" */ = {
			isa = XCRemoteSwiftPackageReference;
			repositoryURL = "https://github.com/google/generative-ai-swift";
			requirement = {
				kind = upToNextMajorVersion;
				minimumVersion = 0.5.6;
			};
		};
/* End XCRemoteSwiftPackageReference section */

/* Begin XCSwiftPackageProductDependency section */
		882BA3CF2DF7ED35003BE154 /* SwiftOpenAI */ = {
			isa = XCSwiftPackageProductDependency;
			package = 882BA3CE2DF7ED35003BE154 /* XCRemoteSwiftPackageReference "SwiftOpenAI" */;
			productName = SwiftOpenAI;
		};
		88F2BAA52DF6856500AF744C /* GoogleGenerativeAI */ = {
			isa = XCSwiftPackageProductDependency;
			package = 88F2BAA42DF6856500AF744C /* XCRemoteSwiftPackageReference "generative-ai-swift" */;
			productName = GoogleGenerativeAI;
		};
/* End XCSwiftPackageProductDependency section */
	};
	rootObject = 883A26AA2DF5DD9100A55DA3 /* Project object */;
}
